
Microsoft Visual Studio Solution File, Format Version 12.00
# Visual Studio Version 17
VisualStudioVersion = 17.3.32929.385
MinimumVisualStudioVersion = 10.0.40219.1
Project("{9A19103F-16F7-4668-BE54-9A1E7A4F7556}") = "Nexec", "Nexec\Nexec.csproj", "{D56163EE-4B68-4F2A-B3D5-1F43339F81B7}"
EndProject
Project("{FAE04EC0-301F-11D3-BF4B-00C04F79EFBC}") = "Nexec.Samples", "Nexec.Samples\Nexec.Samples.csproj", "{F1D232B1-DDCF-4346-B491-ED33E5CD3929}"
EndProject
Project("{FAE04EC0-301F-11D3-BF4B-00C04F79EFBC}") = "Nexec.CLI", "Nexec.CLI\Nexec.CLI.csproj", "{2BC62B61-3EA3-4D7D-8064-C98A6A78B6F3}"
EndProject
Global
	GlobalSection(SolutionConfigurationPlatforms) = preSolution
		Debug|Any CPU = Debug|Any CPU
		Release|Any CPU = Release|Any CPU
	EndGlobalSection
	GlobalSection(ProjectConfigurationPlatforms) = postSolution
		{D56163EE-4B68-4F2A-B3D5-1F43339F81B7}.Debug|Any CPU.ActiveCfg = Debug|Any CPU
		{D56163EE-4B68-4F2A-B3D5-1F43339F81B7}.Debug|Any CPU.Build.0 = Debug|Any CPU
		{D56163EE-4B68-4F2A-B3D5-1F43339F81B7}.Release|Any CPU.ActiveCfg = Release|Any CPU
		{D56163EE-4B68-4F2A-B3D5-1F43339F81B7}.Release|Any CPU.Build.0 = Release|Any CPU
		{F1D232B1-DDCF-4346-B491-ED33E5CD3929}.Debug|Any CPU.ActiveCfg = Debug|Any CPU
		{F1D232B1-DDCF-4346-B491-ED33E5CD3929}.Debug|Any CPU.Build.0 = Debug|Any CPU
		{F1D232B1-DDCF-4346-B491-ED33E5CD3929}.Release|Any CPU.ActiveCfg = Release|Any CPU
		{F1D232B1-DDCF-4346-B491-ED33E5CD3929}.Release|Any CPU.Build.0 = Release|Any CPU
		{2BC62B61-3EA3-4D7D-8064-C98A6A78B6F3}.Debug|Any CPU.ActiveCfg = Debug|Any CPU
		{2BC62B61-3EA3-4D7D-8064-C98A6A78B6F3}.Debug|Any CPU.Build.0 = Debug|Any CPU
		{2BC62B61-3EA3-4D7D-8064-C98A6A78B6F3}.Release|Any CPU.ActiveCfg = Release|Any CPU
		{2BC62B61-3EA3-4D7D-8064-C98A6A78B6F3}.Release|Any CPU.Build.0 = Release|Any CPU
	EndGlobalSection
	GlobalSection(SolutionProperties) = preSolution
		HideSolutionNode = FALSE
	EndGlobalSection
	GlobalSection(ExtensibilityGlobals) = postSolution
		SolutionGuid = {3C745D28-B35F-4C42-87F2-B6C7180EC275}
	EndGlobalSection
EndGlobal
